
Microsoft Visual Studio Solution File, Format Version 12.00
# Visual Studio Version 16
VisualStudioVersion = 16.0.29424.173
MinimumVisualStudioVersion = 10.0.40219.1
Project("{9A19103F-16F7-4668-BE54-9A1E7A4F7556}") = "CitasClientes", "CitasClientes\CitasClientes.csproj", "{32C8B0AC-409E-42F5-935C-A01580CFCFCA}"
EndProject
Project("{FAE04EC0-301F-11D3-BF4B-00C04F79EFBC}") = "CitasUnitTests", "CitasUnitTests\CitasUnitTests.csproj", "{F4465FB1-F940-48BC-823E-02D0ADCF595D}"
EndProject
Global
	GlobalSection(SolutionConfigurationPlatforms) = preSolution
		Debug|Any CPU = Debug|Any CPU
		Release|Any CPU = Release|Any CPU
	EndGlobalSection
	GlobalSection(ProjectConfigurationPlatforms) = postSolution
		{32C8B0AC-409E-42F5-935C-A01580CFCFCA}.Debug|Any CPU.ActiveCfg = Debug|Any CPU
		{32C8B0AC-409E-42F5-935C-A01580CFCFCA}.Debug|Any CPU.Build.0 = Debug|Any CPU
		{32C8B0AC-409E-42F5-935C-A01580CFCFCA}.Release|Any CPU.ActiveCfg = Release|Any CPU
		{32C8B0AC-409E-42F5-935C-A01580CFCFCA}.Release|Any CPU.Build.0 = Release|Any CPU
		{F4465FB1-F940-48BC-823E-02D0ADCF595D}.Debug|Any CPU.ActiveCfg = Debug|Any CPU
		{F4465FB1-F940-48BC-823E-02D0ADCF595D}.Debug|Any CPU.Build.0 = Debug|Any CPU
		{F4465FB1-F940-48BC-823E-02D0ADCF595D}.Release|Any CPU.ActiveCfg = Release|Any CPU
		{F4465FB1-F940-48BC-823E-02D0ADCF595D}.Release|Any CPU.Build.0 = Release|Any CPU
	EndGlobalSection
	GlobalSection(SolutionProperties) = preSolution
		HideSolutionNode = FALSE
	EndGlobalSection
	GlobalSection(ExtensibilityGlobals) = postSolution
		SolutionGuid = {5B92CC18-5EB6-4A25-8E2B-D49EA131B771}
	EndGlobalSection
EndGlobal
